
Microsoft Visual Studio Solution File, Format Version 12.00
# Visual Studio Version 17
VisualStudioVersion = 17.5.33502.453
MinimumVisualStudioVersion = 10.0.40219.1
Project("{FAE04EC0-301F-11D3-BF4B-00C04F79EFBC}") = "GuessMyNumber", "GuessMyNumber\GuessMyNumber.csproj", "{B8F4EDCE-6EF9-4D13-8DF3-B828CCFC9EDD}"
EndProject
Global
	GlobalSection(SolutionConfigurationPlatforms) = preSolution
		Debug|Any CPU = Debug|Any CPU
		Release|Any CPU = Release|Any CPU
	EndGlobalSection
	GlobalSection(ProjectConfigurationPlatforms) = postSolution
		{B8F4EDCE-6EF9-4D13-8DF3-B828CCFC9EDD}.Debug|Any CPU.ActiveCfg = Debug|Any CPU
		{B8F4EDCE-6EF9-4D13-8DF3-B828CCFC9EDD}.Debug|Any CPU.Build.0 = Debug|Any CPU
		{B8F4EDCE-6EF9-4D13-8DF3-B828CCFC9EDD}.Release|Any CPU.ActiveCfg = Release|Any CPU
		{B8F4EDCE-6EF9-4D13-8DF3-B828CCFC9EDD}.Release|Any CPU.Build.0 = Release|Any CPU
	EndGlobalSection
	GlobalSection(SolutionProperties) = preSolution
		HideSolutionNode = FALSE
	EndGlobalSection
	GlobalSection(ExtensibilityGlobals) = postSolution
		SolutionGuid = {61FD6558-38A5-4497-A185-84201CF0B396}
	EndGlobalSection
EndGlobal
